
Microsoft Visual Studio Solution File, Format Version 12.00
# Visual Studio 15
VisualStudioVersion = 15.0.28307.168
MinimumVisualStudioVersion = 10.0.40219.1
Project("{FAE04EC0-301F-11D3-BF4B-00C04F79EFBC}") = "MyMVCApplication1", "MyMVCApplication1\MyMVCApplication1.csproj", "{195A594A-02D7-480D-AA16-C6FC2911EBAE}"
EndProject
Global
	GlobalSection(SolutionConfigurationPlatforms) = preSolution
		Debug|Any CPU = Debug|Any CPU
		Release|Any CPU = Release|Any CPU
	EndGlobalSection
	GlobalSection(ProjectConfigurationPlatforms) = postSolution
		{195A594A-02D7-480D-AA16-C6FC2911EBAE}.Debug|Any CPU.ActiveCfg = Debug|Any CPU
		{195A594A-02D7-480D-AA16-C6FC2911EBAE}.Debug|Any CPU.Build.0 = Debug|Any CPU
		{195A594A-02D7-480D-AA16-C6FC2911EBAE}.Release|Any CPU.ActiveCfg = Release|Any CPU
		{195A594A-02D7-480D-AA16-C6FC2911EBAE}.Release|Any CPU.Build.0 = Release|Any CPU
	EndGlobalSection
	GlobalSection(SolutionProperties) = preSolution
		HideSolutionNode = FALSE
	EndGlobalSection
	GlobalSection(ExtensibilityGlobals) = postSolution
		SolutionGuid = {94D22360-7909-4DEE-B757-3FBE14F23A61}
	EndGlobalSection
EndGlobal
